
Microsoft Visual Studio Solution File, Format Version 12.00
# Visual Studio Version 17
VisualStudioVersion = 17.3.32922.545
MinimumVisualStudioVersion = 10.0.40219.1
Project("{FAE04EC0-301F-11D3-BF4B-00C04F79EFBC}") = "Graphical Interfaces Programming - Project", "Graphical Interfaces Programming - Project\Graphical Interfaces Programming - Project.csproj", "{D9E3856F-08D7-4387-8C61-D98466073F08}"
EndProject
Global
	GlobalSection(SolutionConfigurationPlatforms) = preSolution
		Debug|Any CPU = Debug|Any CPU
		Release|Any CPU = Release|Any CPU
	EndGlobalSection
	GlobalSection(ProjectConfigurationPlatforms) = postSolution
		{D9E3856F-08D7-4387-8C61-D98466073F08}.Debug|Any CPU.ActiveCfg = Debug|Any CPU
		{D9E3856F-08D7-4387-8C61-D98466073F08}.Debug|Any CPU.Build.0 = Debug|Any CPU
		{D9E3856F-08D7-4387-8C61-D98466073F08}.Release|Any CPU.ActiveCfg = Release|Any CPU
		{D9E3856F-08D7-4387-8C61-D98466073F08}.Release|Any CPU.Build.0 = Release|Any CPU
	EndGlobalSection
	GlobalSection(SolutionProperties) = preSolution
		HideSolutionNode = FALSE
	EndGlobalSection
	GlobalSection(ExtensibilityGlobals) = postSolution
		SolutionGuid = {86CB3BC4-0C7C-4163-8462-E12995FA91F5}
	EndGlobalSection
EndGlobal
